
Microsoft Visual Studio Solution File, Format Version 12.00
# Visual Studio Version 16
VisualStudioVersion = 16.0.34031.81
MinimumVisualStudioVersion = 10.0.40219.1
Project("{FAE04EC0-301F-11D3-BF4B-00C04F79EFBC}") = "Controles de Juan Pablo Marin", "Controles de Juan Pablo Marin.csproj", "{95D52AF3-656A-41C9-B03D-7880E81DA688}"
EndProject
Global
	GlobalSection(SolutionConfigurationPlatforms) = preSolution
		Debug|Any CPU = Debug|Any CPU
		Release|Any CPU = Release|Any CPU
	EndGlobalSection
	GlobalSection(ProjectConfigurationPlatforms) = postSolution
		{95D52AF3-656A-41C9-B03D-7880E81DA688}.Debug|Any CPU.ActiveCfg = Debug|Any CPU
		{95D52AF3-656A-41C9-B03D-7880E81DA688}.Debug|Any CPU.Build.0 = Debug|Any CPU
		{95D52AF3-656A-41C9-B03D-7880E81DA688}.Release|Any CPU.ActiveCfg = Release|Any CPU
		{95D52AF3-656A-41C9-B03D-7880E81DA688}.Release|Any CPU.Build.0 = Release|Any CPU
	EndGlobalSection
	GlobalSection(SolutionProperties) = preSolution
		HideSolutionNode = FALSE
	EndGlobalSection
	GlobalSection(ExtensibilityGlobals) = postSolution
		SolutionGuid = {4E8315D1-8ED4-45AC-8731-21155EB5F4AA}
	EndGlobalSection
EndGlobal
