
Microsoft Visual Studio Solution File, Format Version 12.00
# Visual Studio Version 16
VisualStudioVersion = 16.0.34301.259
MinimumVisualStudioVersion = 10.0.40219.1
Project("{FAE04EC0-301F-11D3-BF4B-00C04F79EFBC}") = "MotoRenting Navarra", "MotoRenting Navarra.csproj", "{DA2B2946-7FEE-47D1-AEBA-798EF75CDAD2}"
EndProject
Global
	GlobalSection(SolutionConfigurationPlatforms) = preSolution
		Debug|Any CPU = Debug|Any CPU
		Release|Any CPU = Release|Any CPU
	EndGlobalSection
	GlobalSection(ProjectConfigurationPlatforms) = postSolution
		{DA2B2946-7FEE-47D1-AEBA-798EF75CDAD2}.Debug|Any CPU.ActiveCfg = Debug|Any CPU
		{DA2B2946-7FEE-47D1-AEBA-798EF75CDAD2}.Debug|Any CPU.Build.0 = Debug|Any CPU
		{DA2B2946-7FEE-47D1-AEBA-798EF75CDAD2}.Release|Any CPU.ActiveCfg = Release|Any CPU
		{DA2B2946-7FEE-47D1-AEBA-798EF75CDAD2}.Release|Any CPU.Build.0 = Release|Any CPU
	EndGlobalSection
	GlobalSection(SolutionProperties) = preSolution
		HideSolutionNode = FALSE
	EndGlobalSection
	GlobalSection(ExtensibilityGlobals) = postSolution
		SolutionGuid = {76E5BEBF-8D29-448F-BB8E-DB2E41B2AC4C}
	EndGlobalSection
EndGlobal
